// !$*UTF8*$!
{
	archiveVersion = 1;
	classes = {
	};
	objectVersion = 55;
	objects = {

/* Begin PBXBuildFile section */
		62105DF22808ADE700E313B0 /* AccountView.swift in Sources */ = {isa = PBXBuildFile; fileRef = 62105DF12808ADE700E313B0 /* AccountView.swift */; };
		62105DF42808ADF400E313B0 /* SearchView.swift in Sources */ = {isa = PBXBuildFile; fileRef = 62105DF32808ADF400E313B0 /* SearchView.swift */; };
		62105DF62808AE8700E313B0 /* MapView.swift in Sources */ = {isa = PBXBuildFile; fileRef = 62105DF52808AE8700E313B0 /* MapView.swift */; };
		6241694D28070C0500BD48A9 /* Kollektif.ttf in Resources */ = {isa = PBXBuildFile; fileRef = 6241694928070C0500BD48A9 /* Kollektif.ttf */; };
		6241694E28070C0500BD48A9 /* Kollektif-BoldItalic.ttf in Resources */ = {isa = PBXBuildFile; fileRef = 6241694A28070C0500BD48A9 /* Kollektif-BoldItalic.ttf */; };
		6241694F28070C0500BD48A9 /* Kollektif-Italic.ttf in Resources */ = {isa = PBXBuildFile; fileRef = 6241694B28070C0500BD48A9 /* Kollektif-Italic.ttf */; };
		6241695028070C0500BD48A9 /* Kollektif-Bold.ttf in Resources */ = {isa = PBXBuildFile; fileRef = 6241694C28070C0500BD48A9 /* Kollektif-Bold.ttf */; };
		62681D1A2804B928001129B1 /* WelcomeView.swift in Sources */ = {isa = PBXBuildFile; fileRef = 62681D192804B928001129B1 /* WelcomeView.swift */; };
		62681D1C2804B9D0001129B1 /* SignUpView.swift in Sources */ = {isa = PBXBuildFile; fileRef = 62681D1B2804B9D0001129B1 /* SignUpView.swift */; };
		62681D1E2804B9DD001129B1 /* SignInView.swift in Sources */ = {isa = PBXBuildFile; fileRef = 62681D1D2804B9DD001129B1 /* SignInView.swift */; };
		62681D202804BA02001129B1 /* HomeView.swift in Sources */ = {isa = PBXBuildFile; fileRef = 62681D1F2804BA02001129B1 /* HomeView.swift */; };
		62926CC32804B4A40071525A /* fp22_happApp.swift in Sources */ = {isa = PBXBuildFile; fileRef = 62926CC22804B4A40071525A /* fp22_happApp.swift */; };
		62926CC52804B4A40071525A /* ContentView.swift in Sources */ = {isa = PBXBuildFile; fileRef = 62926CC42804B4A40071525A /* ContentView.swift */; };
		62926CC72804B4A60071525A /* Assets.xcassets in Resources */ = {isa = PBXBuildFile; fileRef = 62926CC62804B4A60071525A /* Assets.xcassets */; };
		62926CCA2804B4A60071525A /* Preview Assets.xcassets in Resources */ = {isa = PBXBuildFile; fileRef = 62926CC92804B4A60071525A /* Preview Assets.xcassets */; };
		7BB5EBDC8C9895E560F0F1B4 /* Pods_fp22_happ.framework in Frameworks */ = {isa = PBXBuildFile; fileRef = 99539E1E412DE26AE8DBF69E /* Pods_fp22_happ.framework */; };
		F671FE46280B807F00F0A91B /* MapViewModel.swift in Sources */ = {isa = PBXBuildFile; fileRef = F671FE45280B807F00F0A91B /* MapViewModel.swift */; };
		F671FE48280B80A100F0A91B /* Profile.swift in Sources */ = {isa = PBXBuildFile; fileRef = F671FE47280B80A100F0A91B /* Profile.swift */; };
		F671FE4A280B80B800F0A91B /* Event.swift in Sources */ = {isa = PBXBuildFile; fileRef = F671FE49280B80B800F0A91B /* Event.swift */; };
		F671FE4C280B80EA00F0A91B /* FirebaseService.swift in Sources */ = {isa = PBXBuildFile; fileRef = F671FE4B280B80EA00F0A91B /* FirebaseService.swift */; };
		F671FE4E280B811200F0A91B /* EventAPI.swift in Sources */ = {isa = PBXBuildFile; fileRef = F671FE4D280B811200F0A91B /* EventAPI.swift */; };
		F671FE50280C5BF800F0A91B /* GoogleService-Info.plist in Resources */ = {isa = PBXBuildFile; fileRef = F671FE4F280C5BF800F0A91B /* GoogleService-Info.plist */; };
/* End PBXBuildFile section */

/* Begin PBXFileReference section */
		042CDB22CBE0CAC1A4287F83 /* Pods-fp22-happ.debug.xcconfig */ = {isa = PBXFileReference; includeInIndex = 1; lastKnownFileType = text.xcconfig; name = "Pods-fp22-happ.debug.xcconfig"; path = "Target Support Files/Pods-fp22-happ/Pods-fp22-happ.debug.xcconfig"; sourceTree = "<group>"; };
		62105DF12808ADE700E313B0 /* AccountView.swift */ = {isa = PBXFileReference; lastKnownFileType = sourcecode.swift; path = AccountView.swift; sourceTree = "<group>"; };
		62105DF32808ADF400E313B0 /* SearchView.swift */ = {isa = PBXFileReference; lastKnownFileType = sourcecode.swift; path = SearchView.swift; sourceTree = "<group>"; };
		62105DF52808AE8700E313B0 /* MapView.swift */ = {isa = PBXFileReference; lastKnownFileType = sourcecode.swift; path = MapView.swift; sourceTree = "<group>"; };
		6241694928070C0500BD48A9 /* Kollektif.ttf */ = {isa = PBXFileReference; lastKnownFileType = file; path = Kollektif.ttf; sourceTree = "<group>"; };
		6241694A28070C0500BD48A9 /* Kollektif-BoldItalic.ttf */ = {isa = PBXFileReference; lastKnownFileType = file; path = "Kollektif-BoldItalic.ttf"; sourceTree = "<group>"; };
		6241694B28070C0500BD48A9 /* Kollektif-Italic.ttf */ = {isa = PBXFileReference; lastKnownFileType = file; path = "Kollektif-Italic.ttf"; sourceTree = "<group>"; };
		6241694C28070C0500BD48A9 /* Kollektif-Bold.ttf */ = {isa = PBXFileReference; lastKnownFileType = file; path = "Kollektif-Bold.ttf"; sourceTree = "<group>"; };
		62681D192804B928001129B1 /* WelcomeView.swift */ = {isa = PBXFileReference; lastKnownFileType = sourcecode.swift; path = WelcomeView.swift; sourceTree = "<group>"; };
		62681D1B2804B9D0001129B1 /* SignUpView.swift */ = {isa = PBXFileReference; lastKnownFileType = sourcecode.swift; path = SignUpView.swift; sourceTree = "<group>"; };
		62681D1D2804B9DD001129B1 /* SignInView.swift */ = {isa = PBXFileReference; lastKnownFileType = sourcecode.swift; path = SignInView.swift; sourceTree = "<group>"; };
		62681D1F2804BA02001129B1 /* HomeView.swift */ = {isa = PBXFileReference; lastKnownFileType = sourcecode.swift; path = HomeView.swift; sourceTree = "<group>"; };
		62926CBF2804B4A40071525A /* fp22-happ.app */ = {isa = PBXFileReference; explicitFileType = wrapper.application; includeInIndex = 0; path = "fp22-happ.app"; sourceTree = BUILT_PRODUCTS_DIR; };
		62926CC22804B4A40071525A /* fp22_happApp.swift */ = {isa = PBXFileReference; lastKnownFileType = sourcecode.swift; path = fp22_happApp.swift; sourceTree = "<group>"; };
		62926CC42804B4A40071525A /* ContentView.swift */ = {isa = PBXFileReference; lastKnownFileType = sourcecode.swift; path = ContentView.swift; sourceTree = "<group>"; };
		62926CC62804B4A60071525A /* Assets.xcassets */ = {isa = PBXFileReference; lastKnownFileType = folder.assetcatalog; path = Assets.xcassets; sourceTree = "<group>"; };
		62926CC92804B4A60071525A /* Preview Assets.xcassets */ = {isa = PBXFileReference; lastKnownFileType = folder.assetcatalog; path = "Preview Assets.xcassets"; sourceTree = "<group>"; };
		99539E1E412DE26AE8DBF69E /* Pods_fp22_happ.framework */ = {isa = PBXFileReference; explicitFileType = wrapper.framework; includeInIndex = 0; path = Pods_fp22_happ.framework; sourceTree = BUILT_PRODUCTS_DIR; };
		D8FFA92B9EFBDABC67A4D50B /* Pods-fp22-happ.release.xcconfig */ = {isa = PBXFileReference; includeInIndex = 1; lastKnownFileType = text.xcconfig; name = "Pods-fp22-happ.release.xcconfig"; path = "Target Support Files/Pods-fp22-happ/Pods-fp22-happ.release.xcconfig"; sourceTree = "<group>"; };
		F671FE45280B807F00F0A91B /* MapViewModel.swift */ = {isa = PBXFileReference; lastKnownFileType = sourcecode.swift; path = MapViewModel.swift; sourceTree = "<group>"; };
		F671FE47280B80A100F0A91B /* Profile.swift */ = {isa = PBXFileReference; lastKnownFileType = sourcecode.swift; path = Profile.swift; sourceTree = "<group>"; };
		F671FE49280B80B800F0A91B /* Event.swift */ = {isa = PBXFileReference; lastKnownFileType = sourcecode.swift; path = Event.swift; sourceTree = "<group>"; };
		F671FE4B280B80EA00F0A91B /* FirebaseService.swift */ = {isa = PBXFileReference; lastKnownFileType = sourcecode.swift; path = FirebaseService.swift; sourceTree = "<group>"; };
		F671FE4D280B811200F0A91B /* EventAPI.swift */ = {isa = PBXFileReference; lastKnownFileType = sourcecode.swift; path = EventAPI.swift; sourceTree = "<group>"; };
		F671FE4F280C5BF800F0A91B /* GoogleService-Info.plist */ = {isa = PBXFileReference; fileEncoding = 4; lastKnownFileType = text.plist.xml; path = "GoogleService-Info.plist"; sourceTree = "<group>"; };
/* End PBXFileReference section */

/* Begin PBXFrameworksBuildPhase section */
		62926CBC2804B4A40071525A /* Frameworks */ = {
			isa = PBXFrameworksBuildPhase;
			buildActionMask = 2147483647;
			files = (
				7BB5EBDC8C9895E560F0F1B4 /* Pods_fp22_happ.framework in Frameworks */,
			);
			runOnlyForDeploymentPostprocessing = 0;
		};
/* End PBXFrameworksBuildPhase section */

/* Begin PBXGroup section */
		6241694828070C0500BD48A9 /* kollektif */ = {
			isa = PBXGroup;
			children = (
				6241694928070C0500BD48A9 /* Kollektif.ttf */,
				6241694A28070C0500BD48A9 /* Kollektif-BoldItalic.ttf */,
				6241694B28070C0500BD48A9 /* Kollektif-Italic.ttf */,
				6241694C28070C0500BD48A9 /* Kollektif-Bold.ttf */,
			);
			path = kollektif;
			sourceTree = "<group>";
		};
		62926CB62804B4A40071525A = {
			isa = PBXGroup;
			children = (
				62926CC12804B4A40071525A /* fp22-happ */,
				62926CC02804B4A40071525A /* Products */,
				DBAF5DA3AB5DFA9343BC4E90 /* Pods */,
				BD8D66B2C56B33DF9BE7C46F /* Frameworks */,
			);
			sourceTree = "<group>";
		};
		62926CC02804B4A40071525A /* Products */ = {
			isa = PBXGroup;
			children = (
				62926CBF2804B4A40071525A /* fp22-happ.app */,
			);
			name = Products;
			sourceTree = "<group>";
		};
		62926CC12804B4A40071525A /* fp22-happ */ = {
			isa = PBXGroup;
			children = (
				62926CC22804B4A40071525A /* fp22_happApp.swift */,
				F671FE4F280C5BF800F0A91B /* GoogleService-Info.plist */,
				F671FE44280B807200F0A91B /* ViewModels */,
				F671FE43280B806B00F0A91B /* Models */,
				F671FE42280B805600F0A91B /* Views */,
				6241694828070C0500BD48A9 /* kollektif */,
				62926CC62804B4A60071525A /* Assets.xcassets */,
				62926CC82804B4A60071525A /* Preview Content */,
			);
			path = "fp22-happ";
			sourceTree = "<group>";
		};
		62926CC82804B4A60071525A /* Preview Content */ = {
			isa = PBXGroup;
			children = (
				62926CC92804B4A60071525A /* Preview Assets.xcassets */,
			);
			path = "Preview Content";
			sourceTree = "<group>";
		};
		BD8D66B2C56B33DF9BE7C46F /* Frameworks */ = {
			isa = PBXGroup;
			children = (
				99539E1E412DE26AE8DBF69E /* Pods_fp22_happ.framework */,
			);
			name = Frameworks;
			sourceTree = "<group>";
		};
		DBAF5DA3AB5DFA9343BC4E90 /* Pods */ = {
			isa = PBXGroup;
			children = (
				042CDB22CBE0CAC1A4287F83 /* Pods-fp22-happ.debug.xcconfig */,
				D8FFA92B9EFBDABC67A4D50B /* Pods-fp22-happ.release.xcconfig */,
			);
			path = Pods;
			sourceTree = "<group>";
		};
		F671FE42280B805600F0A91B /* Views */ = {
			isa = PBXGroup;
			children = (
				62105DF12808ADE700E313B0 /* AccountView.swift */,
				62105DF32808ADF400E313B0 /* SearchView.swift */,
				62105DF52808AE8700E313B0 /* MapView.swift */,
				62681D1F2804BA02001129B1 /* HomeView.swift */,
				62681D1D2804B9DD001129B1 /* SignInView.swift */,
				62681D1B2804B9D0001129B1 /* SignUpView.swift */,
				62681D192804B928001129B1 /* WelcomeView.swift */,
				62926CC42804B4A40071525A /* ContentView.swift */,
			);
			path = Views;
			sourceTree = "<group>";
		};
		F671FE43280B806B00F0A91B /* Models */ = {
			isa = PBXGroup;
			children = (
				F671FE47280B80A100F0A91B /* Profile.swift */,
				F671FE49280B80B800F0A91B /* Event.swift */,
				F671FE4B280B80EA00F0A91B /* FirebaseService.swift */,
				F671FE4D280B811200F0A91B /* EventAPI.swift */,
			);
			path = Models;
			sourceTree = "<group>";
		};
		F671FE44280B807200F0A91B /* ViewModels */ = {
			isa = PBXGroup;
			children = (
				F671FE45280B807F00F0A91B /* MapViewModel.swift */,
			);
			path = ViewModels;
			sourceTree = "<group>";
		};
/* End PBXGroup section */

/* Begin PBXNativeTarget section */
		62926CBE2804B4A40071525A /* fp22-happ */ = {
			isa = PBXNativeTarget;
			buildConfigurationList = 62926CCD2804B4A60071525A /* Build configuration list for PBXNativeTarget "fp22-happ" */;
			buildPhases = (
				B978FC122D898D41D9F78F38 /* [CP] Check Pods Manifest.lock */,
				62926CBB2804B4A40071525A /* Sources */,
				62926CBC2804B4A40071525A /* Frameworks */,
				62926CBD2804B4A40071525A /* Resources */,
				C7B950758199743E15B5CC0B /* [CP] Embed Pods Frameworks */,
			);
			buildRules = (
			);
			dependencies = (
			);
			name = "fp22-happ";
			productName = "fp22-happ";
			productReference = 62926CBF2804B4A40071525A /* fp22-happ.app */;
			productType = "com.apple.product-type.application";
		};
/* End PBXNativeTarget section */

/* Begin PBXProject section */
		62926CB72804B4A40071525A /* Project object */ = {
			isa = PBXProject;
			attributes = {
				BuildIndependentTargetsInParallel = 1;
				LastSwiftUpdateCheck = 1310;
				LastUpgradeCheck = 1310;
				TargetAttributes = {
					62926CBE2804B4A40071525A = {
						CreatedOnToolsVersion = 13.1;
					};
				};
			};
			buildConfigurationList = 62926CBA2804B4A40071525A /* Build configuration list for PBXProject "fp22-happ" */;
			compatibilityVersion = "Xcode 13.0";
			developmentRegion = en;
			hasScannedForEncodings = 0;
			knownRegions = (
				en,
				Base,
			);
			mainGroup = 62926CB62804B4A40071525A;
			productRefGroup = 62926CC02804B4A40071525A /* Products */;
			projectDirPath = "";
			projectRoot = "";
			targets = (
				62926CBE2804B4A40071525A /* fp22-happ */,
			);
		};
/* End PBXProject section */

/* Begin PBXResourcesBuildPhase section */
		62926CBD2804B4A40071525A /* Resources */ = {
			isa = PBXResourcesBuildPhase;
			buildActionMask = 2147483647;
			files = (
				6241694D28070C0500BD48A9 /* Kollektif.ttf in Resources */,
				6241695028070C0500BD48A9 /* Kollektif-Bold.ttf in Resources */,
				6241694E28070C0500BD48A9 /* Kollektif-BoldItalic.ttf in Resources */,
				62926CCA2804B4A60071525A /* Preview Assets.xcassets in Resources */,
				62926CC72804B4A60071525A /* Assets.xcassets in Resources */,
				6241694F28070C0500BD48A9 /* Kollektif-Italic.ttf in Resources */,
				F671FE50280C5BF800F0A91B /* GoogleService-Info.plist in Resources */,
			);
			runOnlyForDeploymentPostprocessing = 0;
		};
/* End PBXResourcesBuildPhase section */

/* Begin PBXShellScriptBuildPhase section */
		B978FC122D898D41D9F78F38 /* [CP] Check Pods Manifest.lock */ = {
			isa = PBXShellScriptBuildPhase;
			buildActionMask = 2147483647;
			files = (
			);
			inputFileListPaths = (
			);
			inputPaths = (
				"${PODS_PODFILE_DIR_PATH}/Podfile.lock",
				"${PODS_ROOT}/Manifest.lock",
			);
			name = "[CP] Check Pods Manifest.lock";
			outputFileListPaths = (
			);
			outputPaths = (
				"$(DERIVED_FILE_DIR)/Pods-fp22-happ-checkManifestLockResult.txt",
			);
			runOnlyForDeploymentPostprocessing = 0;
			shellPath = /bin/sh;
			shellScript = "diff \"${PODS_PODFILE_DIR_PATH}/Podfile.lock\" \"${PODS_ROOT}/Manifest.lock\" > /dev/null\nif [ $? != 0 ] ; then\n    # print error to STDERR\n    echo \"error: The sandbox is not in sync with the Podfile.lock. Run 'pod install' or update your CocoaPods installation.\" >&2\n    exit 1\nfi\n# This output is used by Xcode 'outputs' to avoid re-running this script phase.\necho \"SUCCESS\" > \"${SCRIPT_OUTPUT_FILE_0}\"\n";
			showEnvVarsInLog = 0;
		};
		C7B950758199743E15B5CC0B /* [CP] Embed Pods Frameworks */ = {
			isa = PBXShellScriptBuildPhase;
			buildActionMask = 2147483647;
			files = (
			);
			inputFileListPaths = (
				"${PODS_ROOT}/Target Support Files/Pods-fp22-happ/Pods-fp22-happ-frameworks-${CONFIGURATION}-input-files.xcfilelist",
			);
			name = "[CP] Embed Pods Frameworks";
			outputFileListPaths = (
				"${PODS_ROOT}/Target Support Files/Pods-fp22-happ/Pods-fp22-happ-frameworks-${CONFIGURATION}-output-files.xcfilelist",
			);
			runOnlyForDeploymentPostprocessing = 0;
			shellPath = /bin/sh;
			shellScript = "\"${PODS_ROOT}/Target Support Files/Pods-fp22-happ/Pods-fp22-happ-frameworks.sh\"\n";
			showEnvVarsInLog = 0;
		};
/* End PBXShellScriptBuildPhase section */

/* Begin PBXSourcesBuildPhase section */
		62926CBB2804B4A40071525A /* Sources */ = {
			isa = PBXSourcesBuildPhase;
			buildActionMask = 2147483647;
			files = (
				62681D1C2804B9D0001129B1 /* SignUpView.swift in Sources */,
				F671FE4E280B811200F0A91B /* EventAPI.swift in Sources */,
				F671FE46280B807F00F0A91B /* MapViewModel.swift in Sources */,
				62926CC52804B4A40071525A /* ContentView.swift in Sources */,
				62681D1A2804B928001129B1 /* WelcomeView.swift in Sources */,
				F671FE4A280B80B800F0A91B /* Event.swift in Sources */,
				62681D202804BA02001129B1 /* HomeView.swift in Sources */,
				62105DF42808ADF400E313B0 /* SearchView.swift in Sources */,
				F671FE4C280B80EA00F0A91B /* FirebaseService.swift in Sources */,
				62105DF22808ADE700E313B0 /* AccountView.swift in Sources */,
				62926CC32804B4A40071525A /* fp22_happApp.swift in Sources */,
				F671FE48280B80A100F0A91B /* Profile.swift in Sources */,
				62105DF62808AE8700E313B0 /* MapView.swift in Sources */,
				62681D1E2804B9DD001129B1 /* SignInView.swift in Sources */,
			);
			runOnlyForDeploymentPostprocessing = 0;
		};
/* End PBXSourcesBuildPhase section */

/* Begin XCBuildConfiguration section */
		62926CCB2804B4A60071525A /* Debug */ = {
			isa = XCBuildConfiguration;
			buildSettings = {
				ALWAYS_SEARCH_USER_PATHS = NO;
				CLANG_ANALYZER_NONNULL = YES;
				CLANG_ANALYZER_NUMBER_OBJECT_CONVERSION = YES_AGGRESSIVE;
				CLANG_CXX_LANGUAGE_STANDARD = "gnu++17";
				CLANG_CXX_LIBRARY = "libc++";
				CLANG_ENABLE_MODULES = YES;
				CLANG_ENABLE_OBJC_ARC = YES;
				CLANG_ENABLE_OBJC_WEAK = YES;
				CLANG_WARN_BLOCK_CAPTURE_AUTORELEASING = YES;
				CLANG_WARN_BOOL_CONVERSION = YES;
				CLANG_WARN_COMMA = YES;
				CLANG_WARN_CONSTANT_CONVERSION = YES;
				CLANG_WARN_DEPRECATED_OBJC_IMPLEMENTATIONS = YES;
				CLANG_WARN_DIRECT_OBJC_ISA_USAGE = YES_ERROR;
				CLANG_WARN_DOCUMENTATION_COMMENTS = YES;
				CLANG_WARN_EMPTY_BODY = YES;
				CLANG_WARN_ENUM_CONVERSION = YES;
				CLANG_WARN_INFINITE_RECURSION = YES;
				CLANG_WARN_INT_CONVERSION = YES;
				CLANG_WARN_NON_LITERAL_NULL_CONVERSION = YES;
				CLANG_WARN_OBJC_IMPLICIT_RETAIN_SELF = YES;
				CLANG_WARN_OBJC_LITERAL_CONVERSION = YES;
				CLANG_WARN_OBJC_ROOT_CLASS = YES_ERROR;
				CLANG_WARN_QUOTED_INCLUDE_IN_FRAMEWORK_HEADER = YES;
				CLANG_WARN_RANGE_LOOP_ANALYSIS = YES;
				CLANG_WARN_STRICT_PROTOTYPES = YES;
				CLANG_WARN_SUSPICIOUS_MOVE = YES;
				CLANG_WARN_UNGUARDED_AVAILABILITY = YES_AGGRESSIVE;
				CLANG_WARN_UNREACHABLE_CODE = YES;
				CLANG_WARN__DUPLICATE_METHOD_MATCH = YES;
				COPY_PHASE_STRIP = NO;
				DEBUG_INFORMATION_FORMAT = dwarf;
				ENABLE_STRICT_OBJC_MSGSEND = YES;
				ENABLE_TESTABILITY = YES;
				GCC_C_LANGUAGE_STANDARD = gnu11;
				GCC_DYNAMIC_NO_PIC = NO;
				GCC_NO_COMMON_BLOCKS = YES;
				GCC_OPTIMIZATION_LEVEL = 0;
				GCC_PREPROCESSOR_DEFINITIONS = (
					"DEBUG=1",
					"$(inherited)",
				);
				GCC_WARN_64_TO_32_BIT_CONVERSION = YES;
				GCC_WARN_ABOUT_RETURN_TYPE = YES_ERROR;
				GCC_WARN_UNDECLARED_SELECTOR = YES;
				GCC_WARN_UNINITIALIZED_AUTOS = YES_AGGRESSIVE;
				GCC_WARN_UNUSED_FUNCTION = YES;
				GCC_WARN_UNUSED_VARIABLE = YES;
				IPHONEOS_DEPLOYMENT_TARGET = 15.0;
				MTL_ENABLE_DEBUG_INFO = INCLUDE_SOURCE;
				MTL_FAST_MATH = YES;
				ONLY_ACTIVE_ARCH = YES;
				SDKROOT = iphoneos;
				SWIFT_ACTIVE_COMPILATION_CONDITIONS = DEBUG;
				SWIFT_OPTIMIZATION_LEVEL = "-Onone";
			};
			name = Debug;
		};
		62926CCC2804B4A60071525A /* Release */ = {
			isa = XCBuildConfiguration;
			buildSettings = {
				ALWAYS_SEARCH_USER_PATHS = NO;
				CLANG_ANALYZER_NONNULL = YES;
				CLANG_ANALYZER_NUMBER_OBJECT_CONVERSION = YES_AGGRESSIVE;
				CLANG_CXX_LANGUAGE_STANDARD = "gnu++17";
				CLANG_CXX_LIBRARY = "libc++";
				CLANG_ENABLE_MODULES = YES;
				CLANG_ENABLE_OBJC_ARC = YES;
				CLANG_ENABLE_OBJC_WEAK = YES;
				CLANG_WARN_BLOCK_CAPTURE_AUTORELEASING = YES;
				CLANG_WARN_BOOL_CONVERSION = YES;
				CLANG_WARN_COMMA = YES;
				CLANG_WARN_CONSTANT_CONVERSION = YES;
				CLANG_WARN_DEPRECATED_OBJC_IMPLEMENTATIONS = YES;
				CLANG_WARN_DIRECT_OBJC_ISA_USAGE = YES_ERROR;
				CLANG_WARN_DOCUMENTATION_COMMENTS = YES;
				CLANG_WARN_EMPTY_BODY = YES;
				CLANG_WARN_ENUM_CONVERSION = YES;
				CLANG_WARN_INFINITE_RECURSION = YES;
				CLANG_WARN_INT_CONVERSION = YES;
				CLANG_WARN_NON_LITERAL_NULL_CONVERSION = YES;
				CLANG_WARN_OBJC_IMPLICIT_RETAIN_SELF = YES;
				CLANG_WARN_OBJC_LITERAL_CONVERSION = YES;
				CLANG_WARN_OBJC_ROOT_CLASS = YES_ERROR;
				CLANG_WARN_QUOTED_INCLUDE_IN_FRAMEWORK_HEADER = YES;
				CLANG_WARN_RANGE_LOOP_ANALYSIS = YES;
				CLANG_WARN_STRICT_PROTOTYPES = YES;
				CLANG_WARN_SUSPICIOUS_MOVE = YES;
				CLANG_WARN_UNGUARDED_AVAILABILITY = YES_AGGRESSIVE;
				CLANG_WARN_UNREACHABLE_CODE = YES;
				CLANG_WARN__DUPLICATE_METHOD_MATCH = YES;
				COPY_PHASE_STRIP = NO;
				DEBUG_INFORMATION_FORMAT = "dwarf-with-dsym";
				ENABLE_NS_ASSERTIONS = NO;
				ENABLE_STRICT_OBJC_MSGSEND = YES;
				GCC_C_LANGUAGE_STANDARD = gnu11;
				GCC_NO_COMMON_BLOCKS = YES;
				GCC_WARN_64_TO_32_BIT_CONVERSION = YES;
				GCC_WARN_ABOUT_RETURN_TYPE = YES_ERROR;
				GCC_WARN_UNDECLARED_SELECTOR = YES;
				GCC_WARN_UNINITIALIZED_AUTOS = YES_AGGRESSIVE;
				GCC_WARN_UNUSED_FUNCTION = YES;
				GCC_WARN_UNUSED_VARIABLE = YES;
				IPHONEOS_DEPLOYMENT_TARGET = 15.0;
				MTL_ENABLE_DEBUG_INFO = NO;
				MTL_FAST_MATH = YES;
				SDKROOT = iphoneos;
				SWIFT_COMPILATION_MODE = wholemodule;
				SWIFT_OPTIMIZATION_LEVEL = "-O";
				VALIDATE_PRODUCT = YES;
			};
			name = Release;
		};
		62926CCE2804B4A60071525A /* Debug */ = {
			isa = XCBuildConfiguration;
			baseConfigurationReference = 042CDB22CBE0CAC1A4287F83 /* Pods-fp22-happ.debug.xcconfig */;
			buildSettings = {
				ASSETCATALOG_COMPILER_APPICON_NAME = AppIcon;
				ASSETCATALOG_COMPILER_GLOBAL_ACCENT_COLOR_NAME = AccentColor;
				CODE_SIGN_STYLE = Automatic;
				CURRENT_PROJECT_VERSION = 1;
				DEVELOPMENT_ASSET_PATHS = "\"fp22-happ/Preview Content\"";
				DEVELOPMENT_TEAM = MUU5R72BC7;
				ENABLE_PREVIEWS = YES;
				GENERATE_INFOPLIST_FILE = YES;
				INFOPLIST_FILE = "fp22-happ/Info.plist";
				INFOPLIST_KEY_LSApplicationCategoryType = "";
				INFOPLIST_KEY_NSLocationWhenInUseUsageDescription = "We need your location to provide the events happening near you.";
				INFOPLIST_KEY_UIApplicationSceneManifest_Generation = YES;
				INFOPLIST_KEY_UIApplicationSupportsIndirectInputEvents = YES;
				INFOPLIST_KEY_UILaunchScreen_Generation = YES;
				INFOPLIST_KEY_UISupportedInterfaceOrientations_iPad = "UIInterfaceOrientationPortrait UIInterfaceOrientationPortraitUpsideDown UIInterfaceOrientationLandscapeLeft UIInterfaceOrientationLandscapeRight";
				INFOPLIST_KEY_UISupportedInterfaceOrientations_iPhone = "UIInterfaceOrientationPortrait UIInterfaceOrientationLandscapeLeft UIInterfaceOrientationLandscapeRight";
				LD_RUNPATH_SEARCH_PATHS = (
					"$(inherited)",
					"@executable_path/Frameworks",
				);
				MARKETING_VERSION = 1.0;
				PRODUCT_BUNDLE_IDENTIFIER = "Bailey-Van-Wormer.fp22-happ";
				PRODUCT_NAME = "$(TARGET_NAME)";
				SWIFT_EMIT_LOC_STRINGS = YES;
				SWIFT_VERSION = 5.0;
				TARGETED_DEVICE_FAMILY = "1,2";
			};
			name = Debug;
		};
		62926CCF2804B4A60071525A /* Release */ = {
			isa = XCBuildConfiguration;
			baseConfigurationReference = D8FFA92B9EFBDABC67A4D50B /* Pods-fp22-happ.release.xcconfig */;
			buildSettings = {
				ASSETCATALOG_COMPILER_APPICON_NAME = AppIcon;
				ASSETCATALOG_COMPILER_GLOBAL_ACCENT_COLOR_NAME = AccentColor;
				CODE_SIGN_STYLE = Automatic;
				CURRENT_PROJECT_VERSION = 1;
				DEVELOPMENT_ASSET_PATHS = "\"fp22-happ/Preview Content\"";
				DEVELOPMENT_TEAM = MUU5R72BC7;
				ENABLE_PREVIEWS = YES;
				GENERATE_INFOPLIST_FILE = YES;
				INFOPLIST_FILE = "fp22-happ/Info.plist";
				INFOPLIST_KEY_LSApplicationCategoryType = "";
				INFOPLIST_KEY_NSLocationWhenInUseUsageDescription = "We need your location to provide the events happening near you.";
				INFOPLIST_KEY_UIApplicationSceneManifest_Generation = YES;
				INFOPLIST_KEY_UIApplicationSupportsIndirectInputEvents = YES;
				INFOPLIST_KEY_UILaunchScreen_Generation = YES;
				INFOPLIST_KEY_UISupportedInterfaceOrientations_iPad = "UIInterfaceOrientationPortrait UIInterfaceOrientationPortraitUpsideDown UIInterfaceOrientationLandscapeLeft UIInterfaceOrientationLandscapeRight";
				INFOPLIST_KEY_UISupportedInterfaceOrientations_iPhone = "UIInterfaceOrientationPortrait UIInterfaceOrientationLandscapeLeft UIInterfaceOrientationLandscapeRight";
				LD_RUNPATH_SEARCH_PATHS = (
					"$(inherited)",
					"@executable_path/Frameworks",
				);
				MARKETING_VERSION = 1.0;
				PRODUCT_BUNDLE_IDENTIFIER = "Bailey-Van-Wormer.fp22-happ";
				PRODUCT_NAME = "$(TARGET_NAME)";
				SWIFT_EMIT_LOC_STRINGS = YES;
				SWIFT_VERSION = 5.0;
				TARGETED_DEVICE_FAMILY = "1,2";
			};
			name = Release;
		};
/* End XCBuildConfiguration section */

/* Begin XCConfigurationList section */
		62926CBA2804B4A40071525A /* Build configuration list for PBXProject "fp22-happ" */ = {
			isa = XCConfigurationList;
			buildConfigurations = (
				62926CCB2804B4A60071525A /* Debug */,
				62926CCC2804B4A60071525A /* Release */,
			);
			defaultConfigurationIsVisible = 0;
			defaultConfigurationName = Release;
		};
		62926CCD2804B4A60071525A /* Build configuration list for PBXNativeTarget "fp22-happ" */ = {
			isa = XCConfigurationList;
			buildConfigurations = (
				62926CCE2804B4A60071525A /* Debug */,
				62926CCF2804B4A60071525A /* Release */,
			);
			defaultConfigurationIsVisible = 0;
			defaultConfigurationName = Release;
		};
/* End XCConfigurationList section */
	};
	rootObject = 62926CB72804B4A40071525A /* Project object */;
}
